
Microsoft Visual Studio Solution File, Format Version 12.00
# Visual Studio Version 17
VisualStudioVersion = 17.3.32929.385
MinimumVisualStudioVersion = 10.0.40219.1
Project("{FAE04EC0-301F-11D3-BF4B-00C04F79EFBC}") = "Exec2_TextBox_Q1", "Exec2_TextBox\Exec2_TextBox_Q1.csproj", "{4A3CDD10-61F7-4AC1-94C8-273BB52CC81C}"
EndProject
Project("{FAE04EC0-301F-11D3-BF4B-00C04F79EFBC}") = "Exec2_TextBox_Q2", "Exec2_TextBox_Q2\Exec2_TextBox_Q2.csproj", "{83B72158-FE26-4732-B220-4191B3287F6A}"
EndProject
Project("{FAE04EC0-301F-11D3-BF4B-00C04F79EFBC}") = "Exec2_TextBox_Q3", "Exec2_TextBox_Q3\Exec2_TextBox_Q3.csproj", "{B95FFC59-32C1-440E-BAE9-4465D5C01EF0}"
EndProject
Project("{FAE04EC0-301F-11D3-BF4B-00C04F79EFBC}") = "Exec2_TextBox_Q4", "Exec2_TextBox_Q4\Exec2_TextBox_Q4.csproj", "{AA01D7DD-A934-4648-8CE1-4999A89EF6F4}"
EndProject
Global
	GlobalSection(SolutionConfigurationPlatforms) = preSolution
		Debug|Any CPU = Debug|Any CPU
		Release|Any CPU = Release|Any CPU
	EndGlobalSection
	GlobalSection(ProjectConfigurationPlatforms) = postSolution
		{4A3CDD10-61F7-4AC1-94C8-273BB52CC81C}.Debug|Any CPU.ActiveCfg = Debug|Any CPU
		{4A3CDD10-61F7-4AC1-94C8-273BB52CC81C}.Debug|Any CPU.Build.0 = Debug|Any CPU
		{4A3CDD10-61F7-4AC1-94C8-273BB52CC81C}.Release|Any CPU.ActiveCfg = Release|Any CPU
		{4A3CDD10-61F7-4AC1-94C8-273BB52CC81C}.Release|Any CPU.Build.0 = Release|Any CPU
		{83B72158-FE26-4732-B220-4191B3287F6A}.Debug|Any CPU.ActiveCfg = Debug|Any CPU
		{83B72158-FE26-4732-B220-4191B3287F6A}.Debug|Any CPU.Build.0 = Debug|Any CPU
		{83B72158-FE26-4732-B220-4191B3287F6A}.Release|Any CPU.ActiveCfg = Release|Any CPU
		{83B72158-FE26-4732-B220-4191B3287F6A}.Release|Any CPU.Build.0 = Release|Any CPU
		{B95FFC59-32C1-440E-BAE9-4465D5C01EF0}.Debug|Any CPU.ActiveCfg = Debug|Any CPU
		{B95FFC59-32C1-440E-BAE9-4465D5C01EF0}.Debug|Any CPU.Build.0 = Debug|Any CPU
		{B95FFC59-32C1-440E-BAE9-4465D5C01EF0}.Release|Any CPU.ActiveCfg = Release|Any CPU
		{B95FFC59-32C1-440E-BAE9-4465D5C01EF0}.Release|Any CPU.Build.0 = Release|Any CPU
		{AA01D7DD-A934-4648-8CE1-4999A89EF6F4}.Debug|Any CPU.ActiveCfg = Debug|Any CPU
		{AA01D7DD-A934-4648-8CE1-4999A89EF6F4}.Debug|Any CPU.Build.0 = Debug|Any CPU
		{AA01D7DD-A934-4648-8CE1-4999A89EF6F4}.Release|Any CPU.ActiveCfg = Release|Any CPU
		{AA01D7DD-A934-4648-8CE1-4999A89EF6F4}.Release|Any CPU.Build.0 = Release|Any CPU
	EndGlobalSection
	GlobalSection(SolutionProperties) = preSolution
		HideSolutionNode = FALSE
	EndGlobalSection
	GlobalSection(ExtensibilityGlobals) = postSolution
		SolutionGuid = {589D86FA-6C6A-42CD-8616-6B901B8EE096}
	EndGlobalSection
EndGlobal
